Microsoft Visual Studio Solution File, Format Version 12.00
# Visual Studio Version 16
VisualStudioVersion = 16.0.31613.86
MinimumVisualStudioVersion = 10.0.40219.1
Project("{9A19103F-16F7-4668-BE54-9A1E7A4F7556}") = "Faff", "src\Faff.csproj", "{06076F41-3AF4-4F76-96A5-DED101CB6963}"
EndProject
Project("{9A19103F-16F7-4668-BE54-9A1E7A4F7556}") = "Faff.Tests", "test\Faff.Tests.csproj", "{B3A14C33-9CF8-42AF-91A0-8C0B2D8B9137}"
EndProject
Global
	GlobalSection(SolutionConfigurationPlatforms) = preSolution
		Debug|Any CPU = Debug|Any CPU
		Release|Any CPU = Release|Any CPU
	EndGlobalSection
	GlobalSection(ProjectConfigurationPlatforms) = postSolution
		{06076F41-3AF4-4F76-96A5-DED101CB6963}.Debug|Any CPU.ActiveCfg = Debug|Any CPU
		{06076F41-3AF4-4F76-96A5-DED101CB6963}.Debug|Any CPU.Build.0 = Debug|Any CPU
		{06076F41-3AF4-4F76-96A5-DED101CB6963}.Release|Any CPU.ActiveCfg = Release|Any CPU
		{06076F41-3AF4-4F76-96A5-DED101CB6963}.Release|Any CPU.Build.0 = Release|Any CPU
		{B3A14C33-9CF8-42AF-91A0-8C0B2D8B9137}.Debug|Any CPU.ActiveCfg = Debug|Any CPU
		{B3A14C33-9CF8-42AF-91A0-8C0B2D8B9137}.Debug|Any CPU.Build.0 = Debug|Any CPU
		{B3A14C33-9CF8-42AF-91A0-8C0B2D8B9137}.Release|Any CPU.ActiveCfg = Release|Any CPU
		{B3A14C33-9CF8-42AF-91A0-8C0B2D8B9137}.Release|Any CPU.Build.0 = Release|Any CPU
	EndGlobalSection
	GlobalSection(SolutionProperties) = preSolution
		HideSolutionNode = FALSE
	EndGlobalSection
	GlobalSection(ExtensibilityGlobals) = postSolution
		SolutionGuid = {959D1572-5D05-428C-A2AF-5D16A2952C33}
	EndGlobalSection
EndGlobal
